
Microsoft Visual Studio Solution File, Format Version 12.00
# Visual Studio Version 16
VisualStudioVersion = 16.0.29609.76
MinimumVisualStudioVersion = 10.0.40219.1
Project("{FAE04EC0-301F-11D3-BF4B-00C04F79EFBC}") = "XcExport.Cortex", "XcExport.Cortex\XcExport.Cortex.csproj", "{D4911E78-BC7C-48F6-84C4-F1C87497AFE4}"
EndProject
Project("{FAE04EC0-301F-11D3-BF4B-00C04F79EFBC}") = "XcExport.Sitecore", "XcExport.Sitecore\XcExport.Sitecore.csproj", "{8DAD8E40-FE79-4244-B8ED-A2D505A3CA24}"
EndProject
Global
	GlobalSection(SolutionConfigurationPlatforms) = preSolution
		Debug|Any CPU = Debug|Any CPU
		Release|Any CPU = Release|Any CPU
	EndGlobalSection
	GlobalSection(ProjectConfigurationPlatforms) = postSolution
		{D4911E78-BC7C-48F6-84C4-F1C87497AFE4}.Debug|Any CPU.ActiveCfg = Debug|Any CPU
		{D4911E78-BC7C-48F6-84C4-F1C87497AFE4}.Debug|Any CPU.Build.0 = Debug|Any CPU
		{D4911E78-BC7C-48F6-84C4-F1C87497AFE4}.Release|Any CPU.ActiveCfg = Release|Any CPU
		{D4911E78-BC7C-48F6-84C4-F1C87497AFE4}.Release|Any CPU.Build.0 = Release|Any CPU
		{8DAD8E40-FE79-4244-B8ED-A2D505A3CA24}.Debug|Any CPU.ActiveCfg = Debug|Any CPU
		{8DAD8E40-FE79-4244-B8ED-A2D505A3CA24}.Debug|Any CPU.Build.0 = Debug|Any CPU
		{8DAD8E40-FE79-4244-B8ED-A2D505A3CA24}.Release|Any CPU.ActiveCfg = Release|Any CPU
		{8DAD8E40-FE79-4244-B8ED-A2D505A3CA24}.Release|Any CPU.Build.0 = Release|Any CPU
	EndGlobalSection
	GlobalSection(SolutionProperties) = preSolution
		HideSolutionNode = FALSE
	EndGlobalSection
	GlobalSection(ExtensibilityGlobals) = postSolution
		EnterpriseLibraryConfigurationToolBinariesPathV6 = packages\EnterpriseLibrary.Common.6.0.1304.0\lib\NET45;packages\EnterpriseLibrary.TransientFaultHandling.6.0.1304.0\lib\portable-net45+win+wp8;packages\EnterpriseLibrary.TransientFaultHandling.Caching.6.0.1304.0\lib\NET45;packages\EnterpriseLibrary.TransientFaultHandling.Data.6.0.1304.1\lib\NET45;packages\EnterpriseLibrary.TransientFaultHandling.ServiceBus.6.0.1304.0\lib\NET45;packages\EnterpriseLibrary.TransientFaultHandling.WindowsAzure.Storage.6.0.1304.0\lib\NET45;packages\EnterpriseLibrary.TransientFaultHandling.Configuration.6.0.1304.0\lib\NET45
		SolutionGuid = {BC177139-FEB6-4E53-B0E2-FF610942F996}
	EndGlobalSection
EndGlobal
